lockfileVersion: '6.0'

settings:
  autoInstallPeers: true
  excludeLinksFromLockfile: false

dependencies:
  undici:
    specifier: ^6.3.0
    version: 6.3.0

devDependencies:
  '@tsconfig/node-lts':
    specifier: ^20.1.1
    version: 20.1.1
  '@types/node':
    specifier: ^20.11.5
    version: 20.11.7
  typescript:
    specifier: ^5.3.3
    version: 5.3.3

packages:

  /@fastify/busboy@2.1.0:
    resolution: {integrity: sha512-+KpH+QxZU7O4675t3mnkQKcZZg56u+K/Ct2K+N2AZYNVK8kyeo/bI18tI8aPm3tvNNRyTWfj6s5tnGNlcbQRsA==}
    engines: {node: '>=14'}
    dev: false

  /@tsconfig/node-lts@20.1.1:
    resolution: {integrity: sha512-V7wHydi1dv8I8xiOX3pJ0lhC+MlOakznvLks94J6y/TqQK6DBcbdD1G4jEq8yU+s6lBASPn4e1Ci636fDqeyvQ==}
    dev: true

  /@types/node@20.11.7:
    resolution: {integrity: sha512-GPmeN1C3XAyV5uybAf4cMLWT9fDWcmQhZVtMFu7OR32WjrqGG+Wnk2V1d0bmtUyE/Zy1QJ9BxyiTih9z8Oks8A==}
    dependencies:
      undici-types: 5.26.5
    dev: true

  /typescript@5.3.3:
    resolution: {integrity: sha512-pXWcraxM0uxAS+tN0AG/BF2TyqmHO014Z070UsJ+pFvYuRSq8KH8DmWpnbXe0pEPDHXZV3FcAbJkijJ5oNEnWw==}
    engines: {node: '>=14.17'}
    hasBin: true
    dev: true

  /undici-types@5.26.5:
    resolution: {integrity: sha512-JlCMO+ehdEIKqlFxk6IfVoAUVmgz7cU7zD/h9XZ0qzeosSHmUJVOzSQvvYSYWXkFXC+IfLKSIffhv0sVZup6pA==}
    dev: true

  /undici@6.3.0:
    resolution: {integrity: sha512-zkSMOXs2topAR1LF0PxAaNNvhdX4LYEcmRMJLMh3mjgfZpBtc/souXOp4aYiR5Q46HrBPA2/8DkEZhD3eNFE1Q==}
    engines: {node: '>=18.0'}
    dependencies:
      '@fastify/busboy': 2.1.0
    dev: false
